// !$*UTF8*$!
{
	archiveVersion = 1;
	classes = {
	};
	objectVersion = 50;
	objects = {

/* Begin PBXBuildFile section */
		1F9B50BB215671E400ECE00D /* AppDelegate.swift in Sources */ = {isa = PBXBuildFile; fileRef = 1F9B50BA215671E400ECE00D /* AppDelegate.swift */; };
		1F9B50BD215671E400ECE00D /* ViewController.swift in Sources */ = {isa = PBXBuildFile; fileRef = 1F9B50BC215671E400ECE00D /* ViewController.swift */; };
		1F9B50C0215671E400ECE00D /* Main.storyboard in Resources */ = {isa = PBXBuildFile; fileRef = 1F9B50BE215671E400ECE00D /* Main.storyboard */; };
		1F9B50C2215671E600ECE00D /* Assets.xcassets in Resources */ = {isa = PBXBuildFile; fileRef = 1F9B50C1215671E600ECE00D /* Assets.xcassets */; };
		1F9B50C5215671E600ECE00D /* LaunchScreen.storyboard in Resources */ = {isa = PBXBuildFile; fileRef = 1F9B50C3215671E600ECE00D /* LaunchScreen.storyboard */; };
		1FC917582159CBA600AB1262 /* SettingsViewController.swift in Sources */ = {isa = PBXBuildFile; fileRef = 1FC917562159CBA600AB1262 /* SettingsViewController.swift */; };
		1FC917592159CBA600AB1262 /* Settings.storyboard in Resources */ = {isa = PBXBuildFile; fileRef = 1FC917572159CBA600AB1262 /* Settings.storyboard */; };
		1FEB13CF2159DB5600FD4590 /* CGUtils.framework in Frameworks */ = {isa = PBXBuildFile; fileRef = 1FEB13CE2159DB5600FD4590 /* CGUtils.framework */; };
		1FEB13D52159DB7B00FD4590 /* UIToolkit.framework in Frameworks */ = {isa = PBXBuildFile; fileRef = 1FEB13D42159DB7B00FD4590 /* UIToolkit.framework */; };
		1FEB13D62159DB7B00FD4590 /* UIToolkit.framework in Embed Frameworks */ = {isa = PBXBuildFile; fileRef = 1FEB13D42159DB7B00FD4590 /* UIToolkit.framework */; settings = {ATTRIBUTES = (CodeSignOnCopy, RemoveHeadersOnCopy, ); }; };
		1FEC51A52159DA6900662292 /* CGUtils.framework in Embed Frameworks */ = {isa = PBXBuildFile; fileRef = 1F9B513E2156818300ECE00D /* CGUtils.framework */; settings = {ATTRIBUTES = (CodeSignOnCopy, RemoveHeadersOnCopy, ); }; };
/* End PBXBuildFile section */

/* Begin PBXCopyFilesBuildPhase section */
		1F9B50DB2156724600ECE00D /* Embed Frameworks */ = {
			isa = PBXCopyFilesBuildPhase;
			buildActionMask = 2147483647;
			dstPath = "";
			dstSubfolderSpec = 10;
			files = (
				1FEC51A52159DA6900662292 /* CGUtils.framework in Embed Frameworks */,
				1FEB13D62159DB7B00FD4590 /* UIToolkit.framework in Embed Frameworks */,
			);
			name = "Embed Frameworks";
			runOnlyForDeploymentPostprocessing = 0;
		};
/* End PBXCopyFilesBuildPhase section */

/* Begin PBXFileReference section */
		1F9B50B7215671E400ECE00D /* TestBedApp.app */ = {isa = PBXFileReference; explicitFileType = wrapper.application; includeInIndex = 0; path = TestBedApp.app; sourceTree = BUILT_PRODUCTS_DIR; };
		1F9B50BA215671E400ECE00D /* AppDelegate.swift */ = {isa = PBXFileReference; lastKnownFileType = sourcecode.swift; path = AppDelegate.swift; sourceTree = "<group>"; };
		1F9B50BC215671E400ECE00D /* ViewController.swift */ = {isa = PBXFileReference; lastKnownFileType = sourcecode.swift; path = ViewController.swift; sourceTree = "<group>"; };
		1F9B50BF215671E400ECE00D /* Base */ = {isa = PBXFileReference; lastKnownFileType = file.storyboard; name = Base; path = Base.lproj/Main.storyboard; sourceTree = "<group>"; };
		1F9B50C1215671E600ECE00D /* Assets.xcassets */ = {isa = PBXFileReference; lastKnownFileType = folder.assetcatalog; path = Assets.xcassets; sourceTree = "<group>"; };
		1F9B50C4215671E600ECE00D /* Base */ = {isa = PBXFileReference; lastKnownFileType = file.storyboard; name = Base; path = Base.lproj/LaunchScreen.storyboard; sourceTree = "<group>"; };
		1F9B50C6215671E600ECE00D /* Info.plist */ = {isa = PBXFileReference; lastKnownFileType = text.plist.xml; path = Info.plist; sourceTree = "<group>"; };
		1F9B513E2156818300ECE00D /* CGUtils.framework */ = {isa = PBXFileReference; lastKnownFileType = wrapper.framework; name = CGUtils.framework; path = ../../Carthage/Build/iOS/CGUtils.framework; sourceTree = "<group>"; };
		1FC917562159CBA600AB1262 /* SettingsViewController.swift */ = {isa = PBXFileReference; fileEncoding = 4; lastKnownFileType = sourcecode.swift; path = SettingsViewController.swift; sourceTree = "<group>"; };
		1FC917572159CBA600AB1262 /* Settings.storyboard */ = {isa = PBXFileReference; fileEncoding = 4; lastKnownFileType = file.storyboard; path = Settings.storyboard; sourceTree = "<group>"; };
		1FEB13CE2159DB5600FD4590 /* CGUtils.framework */ = {isa = PBXFileReference; lastKnownFileType = wrapper.framework; name = CGUtils.framework; path = ../../Carthage/Build/iOS/CGUtils.framework; sourceTree = "<group>"; };
		1FEB13D42159DB7B00FD4590 /* UIToolkit.framework */ = {isa = PBXFileReference; explicitFileType = wrapper.framework; path = UIToolkit.framework; sourceTree = BUILT_PRODUCTS_DIR; };
/* End PBXFileReference section */

/* Begin PBXFrameworksBuildPhase section */
		1F9B50B4215671E400ECE00D /* Frameworks */ = {
			isa = PBXFrameworksBuildPhase;
			buildActionMask = 2147483647;
			files = (
				1FEB13CF2159DB5600FD4590 /* CGUtils.framework in Frameworks */,
				1FEB13D52159DB7B00FD4590 /* UIToolkit.framework in Frameworks */,
			);
			runOnlyForDeploymentPostprocessing = 0;
		};
/* End PBXFrameworksBuildPhase section */

/* Begin PBXGroup section */
		1F9B50AE215671E400ECE00D = {
			isa = PBXGroup;
			children = (
				1FEB13CE2159DB5600FD4590 /* CGUtils.framework */,
				1FEB13D42159DB7B00FD4590 /* UIToolkit.framework */,
				1F9B50B9215671E400ECE00D /* TestBedApp */,
				1F9B50B8215671E400ECE00D /* Products */,
				1FEB13C92159DAB300FD4590 /* Recovered References */,
			);
			sourceTree = "<group>";
		};
		1F9B50B8215671E400ECE00D /* Products */ = {
			isa = PBXGroup;
			children = (
				1F9B50B7215671E400ECE00D /* TestBedApp.app */,
			);
			name = Products;
			sourceTree = "<group>";
		};
		1F9B50B9215671E400ECE00D /* TestBedApp */ = {
			isa = PBXGroup;
			children = (
				1F9B50BA215671E400ECE00D /* AppDelegate.swift */,
				1FC917572159CBA600AB1262 /* Settings.storyboard */,
				1FC917562159CBA600AB1262 /* SettingsViewController.swift */,
				1F9B50BC215671E400ECE00D /* ViewController.swift */,
				1F9B50BE215671E400ECE00D /* Main.storyboard */,
				1F9B50C1215671E600ECE00D /* Assets.xcassets */,
				1F9B50C3215671E600ECE00D /* LaunchScreen.storyboard */,
				1F9B50C6215671E600ECE00D /* Info.plist */,
			);
			path = TestBedApp;
			sourceTree = "<group>";
		};
		1FEB13C92159DAB300FD4590 /* Recovered References */ = {
			isa = PBXGroup;
			children = (
				1F9B513E2156818300ECE00D /* CGUtils.framework */,
			);
			name = "Recovered References";
			sourceTree = "<group>";
		};
/* End PBXGroup section */

/* Begin PBXNativeTarget section */
		1F9B50B6215671E400ECE00D /* TestBedApp */ = {
			isa = PBXNativeTarget;
			buildConfigurationList = 1F9B50C9215671E600ECE00D /* Build configuration list for PBXNativeTarget "TestBedApp" */;
			buildPhases = (
				1F9B50B3215671E400ECE00D /* Sources */,
				1F9B50B4215671E400ECE00D /* Frameworks */,
				1F9B50B5215671E400ECE00D /* Resources */,
				1F9B50DB2156724600ECE00D /* Embed Frameworks */,
				1F9B51062156756400ECE00D /* Run Swiftlint */,
			);
			buildRules = (
			);
			dependencies = (
			);
			name = TestBedApp;
			productName = TestBedApp;
			productReference = 1F9B50B7215671E400ECE00D /* TestBedApp.app */;
			productType = "com.apple.product-type.application";
		};
/* End PBXNativeTarget section */

/* Begin PBXProject section */
		1F9B50AF215671E400ECE00D /* Project object */ = {
			isa = PBXProject;
			attributes = {
				LastSwiftUpdateCheck = 1000;
				LastUpgradeCheck = 1000;
				ORGANIZATIONNAME = "Nicolás Miari";
				TargetAttributes = {
					1F9B50B6215671E400ECE00D = {
						CreatedOnToolsVersion = 10.0;
					};
				};
			};
			buildConfigurationList = 1F9B50B2215671E400ECE00D /* Build configuration list for PBXProject "TestBedApp" */;
			compatibilityVersion = "Xcode 9.3";
			developmentRegion = en;
			hasScannedForEncodings = 0;
			knownRegions = (
				en,
				Base,
			);
			mainGroup = 1F9B50AE215671E400ECE00D;
			productRefGroup = 1F9B50B8215671E400ECE00D /* Products */;
			projectDirPath = "";
			projectRoot = "";
			targets = (
				1F9B50B6215671E400ECE00D /* TestBedApp */,
			);
		};
/* End PBXProject section */

/* Begin PBXResourcesBuildPhase section */
		1F9B50B5215671E400ECE00D /* Resources */ = {
			isa = PBXResourcesBuildPhase;
			buildActionMask = 2147483647;
			files = (
				1F9B50C5215671E600ECE00D /* LaunchScreen.storyboard in Resources */,
				1F9B50C2215671E600ECE00D /* Assets.xcassets in Resources */,
				1F9B50C0215671E400ECE00D /* Main.storyboard in Resources */,
				1FC917592159CBA600AB1262 /* Settings.storyboard in Resources */,
			);
			runOnlyForDeploymentPostprocessing = 0;
		};
/* End PBXResourcesBuildPhase section */

/* Begin PBXShellScriptBuildPhase section */
		1F9B51062156756400ECE00D /* Run Swiftlint */ = {
			isa = PBXShellScriptBuildPhase;
			buildActionMask = 2147483647;
			files = (
			);
			inputFileListPaths = (
			);
			inputPaths = (
			);
			name = "Run Swiftlint";
			outputFileListPaths = (
			);
			outputPaths = (
			);
			runOnlyForDeploymentPostprocessing = 0;
			shellPath = /bin/sh;
			shellScript = "if which swiftlint >/dev/null; then\n    swiftlint --config \"../UIToolkit/.swiftlint.yml\"\nelse\n    echo \"warning: SwiftLint not installed, download from https://github.com/realm/SwiftLint\"\nfi\n";
		};
/* End PBXShellScriptBuildPhase section */

/* Begin PBXSourcesBuildPhase section */
		1F9B50B3215671E400ECE00D /* Sources */ = {
			isa = PBXSourcesBuildPhase;
			buildActionMask = 2147483647;
			files = (
				1F9B50BD215671E400ECE00D /* ViewController.swift in Sources */,
				1F9B50BB215671E400ECE00D /* AppDelegate.swift in Sources */,
				1FC917582159CBA600AB1262 /* SettingsViewController.swift in Sources */,
			);
			runOnlyForDeploymentPostprocessing = 0;
		};
/* End PBXSourcesBuildPhase section */

/* Begin PBXVariantGroup section */
		1F9B50BE215671E400ECE00D /* Main.storyboard */ = {
			isa = PBXVariantGroup;
			children = (
				1F9B50BF215671E400ECE00D /* Base */,
			);
			name = Main.storyboard;
			sourceTree = "<group>";
		};
		1F9B50C3215671E600ECE00D /* LaunchScreen.storyboard */ = {
			isa = PBXVariantGroup;
			children = (
				1F9B50C4215671E600ECE00D /* Base */,
			);
			name = LaunchScreen.storyboard;
			sourceTree = "<group>";
		};
/* End PBXVariantGroup section */

/* Begin XCBuildConfiguration section */
		1F9B50C7215671E600ECE00D /* Debug */ = {
			isa = XCBuildConfiguration;
			buildSettings = {
				ALWAYS_SEARCH_USER_PATHS = NO;
				CLANG_ANALYZER_NONNULL = YES;
				CLANG_ANALYZER_NUMBER_OBJECT_CONVERSION = YES_AGGRESSIVE;
				CLANG_CXX_LANGUAGE_STANDARD = "gnu++14";
				CLANG_CXX_LIBRARY = "libc++";
				CLANG_ENABLE_MODULES = YES;
				CLANG_ENABLE_OBJC_ARC = YES;
				CLANG_ENABLE_OBJC_WEAK = YES;
				CLANG_WARN_BLOCK_CAPTURE_AUTORELEASING = YES;
				CLANG_WARN_BOOL_CONVERSION = YES;
				CLANG_WARN_COMMA = YES;
				CLANG_WARN_CONSTANT_CONVERSION = YES;
				CLANG_WARN_DEPRECATED_OBJC_IMPLEMENTATIONS = YES;
				CLANG_WARN_DIRECT_OBJC_ISA_USAGE = YES_ERROR;
				CLANG_WARN_DOCUMENTATION_COMMENTS = YES;
				CLANG_WARN_EMPTY_BODY = YES;
				CLANG_WARN_ENUM_CONVERSION = YES;
				CLANG_WARN_INFINITE_RECURSION = YES;
				CLANG_WARN_INT_CONVERSION = YES;
				CLANG_WARN_NON_LITERAL_NULL_CONVERSION = YES;
				CLANG_WARN_OBJC_IMPLICIT_RETAIN_SELF = YES;
				CLANG_WARN_OBJC_LITERAL_CONVERSION = YES;
				CLANG_WARN_OBJC_ROOT_CLASS = YES_ERROR;
				CLANG_WARN_RANGE_LOOP_ANALYSIS = YES;
				CLANG_WARN_STRICT_PROTOTYPES = YES;
				CLANG_WARN_SUSPICIOUS_MOVE = YES;
				CLANG_WARN_UNGUARDED_AVAILABILITY = YES_AGGRESSIVE;
				CLANG_WARN_UNREACHABLE_CODE = YES;
				CLANG_WARN__DUPLICATE_METHOD_MATCH = YES;
				CODE_SIGN_IDENTITY = "iPhone Developer";
				COPY_PHASE_STRIP = NO;
				DEBUG_INFORMATION_FORMAT = dwarf;
				ENABLE_STRICT_OBJC_MSGSEND = YES;
				ENABLE_TESTABILITY = YES;
				GCC_C_LANGUAGE_STANDARD = gnu11;
				GCC_DYNAMIC_NO_PIC = NO;
				GCC_NO_COMMON_BLOCKS = YES;
				GCC_OPTIMIZATION_LEVEL = 0;
				GCC_PREPROCESSOR_DEFINITIONS = (
					"DEBUG=1",
					"$(inherited)",
				);
				GCC_WARN_64_TO_32_BIT_CONVERSION = YES;
				GCC_WARN_ABOUT_RETURN_TYPE = YES_ERROR;
				GCC_WARN_UNDECLARED_SELECTOR = YES;
				GCC_WARN_UNINITIALIZED_AUTOS = YES_AGGRESSIVE;
				GCC_WARN_UNUSED_FUNCTION = YES;
				GCC_WARN_UNUSED_VARIABLE = YES;
				IPHONEOS_DEPLOYMENT_TARGET = 12.0;
				MTL_ENABLE_DEBUG_INFO = INCLUDE_SOURCE;
				MTL_FAST_MATH = YES;
				ONLY_ACTIVE_ARCH = YES;
				SDKROOT = iphoneos;
				SWIFT_ACTIVE_COMPILATION_CONDITIONS = DEBUG;
				SWIFT_OPTIMIZATION_LEVEL = "-Onone";
			};
			name = Debug;
		};
		1F9B50C8215671E600ECE00D /* Release */ = {
			isa = XCBuildConfiguration;
			buildSettings = {
				ALWAYS_SEARCH_USER_PATHS = NO;
				CLANG_ANALYZER_NONNULL = YES;
				CLANG_ANALYZER_NUMBER_OBJECT_CONVERSION = YES_AGGRESSIVE;
				CLANG_CXX_LANGUAGE_STANDARD = "gnu++14";
				CLANG_CXX_LIBRARY = "libc++";
				CLANG_ENABLE_MODULES = YES;
				CLANG_ENABLE_OBJC_ARC = YES;
				CLANG_ENABLE_OBJC_WEAK = YES;
				CLANG_WARN_BLOCK_CAPTURE_AUTORELEASING = YES;
				CLANG_WARN_BOOL_CONVERSION = YES;
				CLANG_WARN_COMMA = YES;
				CLANG_WARN_CONSTANT_CONVERSION = YES;
				CLANG_WARN_DEPRECATED_OBJC_IMPLEMENTATIONS = YES;
				CLANG_WARN_DIRECT_OBJC_ISA_USAGE = YES_ERROR;
				CLANG_WARN_DOCUMENTATION_COMMENTS = YES;
				CLANG_WARN_EMPTY_BODY = YES;
				CLANG_WARN_ENUM_CONVERSION = YES;
				CLANG_WARN_INFINITE_RECURSION = YES;
				CLANG_WARN_INT_CONVERSION = YES;
				CLANG_WARN_NON_LITERAL_NULL_CONVERSION = YES;
				CLANG_WARN_OBJC_IMPLICIT_RETAIN_SELF = YES;
				CLANG_WARN_OBJC_LITERAL_CONVERSION = YES;
				CLANG_WARN_OBJC_ROOT_CLASS = YES_ERROR;
				CLANG_WARN_RANGE_LOOP_ANALYSIS = YES;
				CLANG_WARN_STRICT_PROTOTYPES = YES;
				CLANG_WARN_SUSPICIOUS_MOVE = YES;
				CLANG_WARN_UNGUARDED_AVAILABILITY = YES_AGGRESSIVE;
				CLANG_WARN_UNREACHABLE_CODE = YES;
				CLANG_WARN__DUPLICATE_METHOD_MATCH = YES;
				CODE_SIGN_IDENTITY = "iPhone Developer";
				COPY_PHASE_STRIP = NO;
				DEBUG_INFORMATION_FORMAT = "dwarf-with-dsym";
				ENABLE_NS_ASSERTIONS = NO;
				ENABLE_STRICT_OBJC_MSGSEND = YES;
				GCC_C_LANGUAGE_STANDARD = gnu11;
				GCC_NO_COMMON_BLOCKS = YES;
				GCC_WARN_64_TO_32_BIT_CONVERSION = YES;
				GCC_WARN_ABOUT_RETURN_TYPE = YES_ERROR;
				GCC_WARN_UNDECLARED_SELECTOR = YES;
				GCC_WARN_UNINITIALIZED_AUTOS = YES_AGGRESSIVE;
				GCC_WARN_UNUSED_FUNCTION = YES;
				GCC_WARN_UNUSED_VARIABLE = YES;
				IPHONEOS_DEPLOYMENT_TARGET = 12.0;
				MTL_ENABLE_DEBUG_INFO = NO;
				MTL_FAST_MATH = YES;
				SDKROOT = iphoneos;
				SWIFT_COMPILATION_MODE = wholemodule;
				SWIFT_OPTIMIZATION_LEVEL = "-O";
				VALIDATE_PRODUCT = YES;
			};
			name = Release;
		};
		1F9B50CA215671E600ECE00D /* Debug */ = {
			isa = XCBuildConfiguration;
			buildSettings = {
				ASSETCATALOG_COMPILER_APPICON_NAME = AppIcon;
				CODE_SIGN_STYLE = Automatic;
				DEVELOPMENT_TEAM = D2D4S4F85R;
				FRAMEWORK_SEARCH_PATHS = "$(PROJECT_DIR)/../../Carthage/Build/iOS/";
				INFOPLIST_FILE = TestBedApp/Info.plist;
				LD_RUNPATH_SEARCH_PATHS = (
					"$(inherited)",
					"@executable_path/Frameworks",
				);
				PRODUCT_BUNDLE_IDENTIFIER = com.nicolasmiari.TestBedApp;
				PRODUCT_NAME = "$(TARGET_NAME)";
				SWIFT_VERSION = 4.2;
				SYSTEM_FRAMEWORK_SEARCH_PATHS = "$(PROJECT_DIR)/../../Carthage/Build/iOS/";
				TARGETED_DEVICE_FAMILY = "1,2";
			};
			name = Debug;
		};
		1F9B50CB215671E600ECE00D /* Release */ = {
			isa = XCBuildConfiguration;
			buildSettings = {
				ASSETCATALOG_COMPILER_APPICON_NAME = AppIcon;
				CODE_SIGN_STYLE = Automatic;
				DEVELOPMENT_TEAM = D2D4S4F85R;
				FRAMEWORK_SEARCH_PATHS = "$(PROJECT_DIR)/../../Carthage/Build/iOS/";
				INFOPLIST_FILE = TestBedApp/Info.plist;
				LD_RUNPATH_SEARCH_PATHS = (
					"$(inherited)",
					"@executable_path/Frameworks",
				);
				PRODUCT_BUNDLE_IDENTIFIER = com.nicolasmiari.TestBedApp;
				PRODUCT_NAME = "$(TARGET_NAME)";
				SWIFT_VERSION = 4.2;
				SYSTEM_FRAMEWORK_SEARCH_PATHS = "$(PROJECT_DIR)/../../Carthage/Build/iOS/";
				TARGETED_DEVICE_FAMILY = "1,2";
			};
			name = Release;
		};
/* End XCBuildConfiguration section */

/* Begin XCConfigurationList section */
		1F9B50B2215671E400ECE00D /* Build configuration list for PBXProject "TestBedApp" */ = {
			isa = XCConfigurationList;
			buildConfigurations = (
				1F9B50C7215671E600ECE00D /* Debug */,
				1F9B50C8215671E600ECE00D /* Release */,
			);
			defaultConfigurationIsVisible = 0;
			defaultConfigurationName = Release;
		};
		1F9B50C9215671E600ECE00D /* Build configuration list for PBXNativeTarget "TestBedApp" */ = {
			isa = XCConfigurationList;
			buildConfigurations = (
				1F9B50CA215671E600ECE00D /* Debug */,
				1F9B50CB215671E600ECE00D /* Release */,
			);
			defaultConfigurationIsVisible = 0;
			defaultConfigurationName = Release;
		};
/* End XCConfigurationList section */
	};
	rootObject = 1F9B50AF215671E400ECE00D /* Project object */;
}
